
Microsoft Visual Studio Solution File, Format Version 12.00
# Visual Studio Version 16
VisualStudioVersion = 16.0.32002.261
MinimumVisualStudioVersion = 10.0.40219.1
Project("{FAE04EC0-301F-11D3-BF4B-00C04F79EFBC}") = "WebCodility", "WebCodility.csproj", "{9EEF18D8-7820-46D0-8AF3-28088734F960}"
EndProject
Project("{FAE04EC0-301F-11D3-BF4B-00C04F79EFBC}") = "WebCodility.Tests", "..\WebCodility.Tests\WebCodility.Tests.csproj", "{CA83270B-DEFF-4C03-AA4D-446A3904D017}"
EndProject
Global
	GlobalSection(SolutionConfigurationPlatforms) = preSolution
		Debug|Any CPU = Debug|Any CPU
		Release|Any CPU = Release|Any CPU
	EndGlobalSection
	GlobalSection(ProjectConfigurationPlatforms) = postSolution
		{9EEF18D8-7820-46D0-8AF3-28088734F960}.Debug|Any CPU.ActiveCfg = Debug|Any CPU
		{9EEF18D8-7820-46D0-8AF3-28088734F960}.Debug|Any CPU.Build.0 = Debug|Any CPU
		{9EEF18D8-7820-46D0-8AF3-28088734F960}.Release|Any CPU.ActiveCfg = Release|Any CPU
		{9EEF18D8-7820-46D0-8AF3-28088734F960}.Release|Any CPU.Build.0 = Release|Any CPU
		{CA83270B-DEFF-4C03-AA4D-446A3904D017}.Debug|Any CPU.ActiveCfg = Debug|Any CPU
		{CA83270B-DEFF-4C03-AA4D-446A3904D017}.Debug|Any CPU.Build.0 = Debug|Any CPU
		{CA83270B-DEFF-4C03-AA4D-446A3904D017}.Release|Any CPU.ActiveCfg = Release|Any CPU
		{CA83270B-DEFF-4C03-AA4D-446A3904D017}.Release|Any CPU.Build.0 = Release|Any CPU
	EndGlobalSection
	GlobalSection(SolutionProperties) = preSolution
		HideSolutionNode = FALSE
	EndGlobalSection
	GlobalSection(ExtensibilityGlobals) = postSolution
		SolutionGuid = {559FC4A9-E950-4BA5-885C-29E62F0346B4}
	EndGlobalSection
EndGlobal
